// !$*UTF8*$!
{
	archiveVersion = 1;
	classes = {
	};
	objectVersion = 56;
	objects = {

/* Begin PBXBuildFile section */
		A929ED0E2C9C333300B6D8FB /* ContactListView.swift in Sources */ = {isa = PBXBuildFile; fileRef = A929ED0D2C9C333300B6D8FB /* ContactListView.swift */; };
		A9C43E9D2C9B1A1300C9CF20 /* MeetingSyncApp.swift in Sources */ = {isa = PBXBuildFile; fileRef = A9C43E9C2C9B1A1200C9CF20 /* MeetingSyncApp.swift */; };
		A9C43E9F2C9B1A1300C9CF20 /* ContentView.swift in Sources */ = {isa = PBXBuildFile; fileRef = A9C43E9E2C9B1A1300C9CF20 /* ContentView.swift */; };
		A9C43EA12C9B1A1400C9CF20 /* Assets.xcassets in Resources */ = {isa = PBXBuildFile; fileRef = A9C43EA02C9B1A1400C9CF20 /* Assets.xcassets */; };
		A9C43EA52C9B1A1400C9CF20 /* Preview Assets.xcassets in Resources */ = {isa = PBXBuildFile; fileRef = A9C43EA42C9B1A1400C9CF20 /* Preview Assets.xcassets */; };
		A9C43EAF2C9B1A1400C9CF20 /* MeetingSyncTests.swift in Sources */ = {isa = PBXBuildFile; fileRef = A9C43EAE2C9B1A1400C9CF20 /* MeetingSyncTests.swift */; };
		A9C43EB92C9B1A1400C9CF20 /* MeetingSyncUITests.swift in Sources */ = {isa = PBXBuildFile; fileRef = A9C43EB82C9B1A1400C9CF20 /* MeetingSyncUITests.swift */; };
		A9C43EBB2C9B1A1400C9CF20 /* MeetingSyncUITestsLaunchTests.swift in Sources */ = {isa = PBXBuildFile; fileRef = A9C43EBA2C9B1A1400C9CF20 /* MeetingSyncUITestsLaunchTests.swift */; };
/* End PBXBuildFile section */

/* Begin PBXContainerItemProxy section */
		A9C43EAB2C9B1A1400C9CF20 /* PBXContainerItemProxy */ = {
			isa = PBXContainerItemProxy;
			containerPortal = A9C43E912C9B1A1200C9CF20 /* Project object */;
			proxyType = 1;
			remoteGlobalIDString = A9C43E982C9B1A1200C9CF20;
			remoteInfo = MeetingSync;
		};
		A9C43EB52C9B1A1400C9CF20 /* PBXContainerItemProxy */ = {
			isa = PBXContainerItemProxy;
			containerPortal = A9C43E912C9B1A1200C9CF20 /* Project object */;
			proxyType = 1;
			remoteGlobalIDString = A9C43E982C9B1A1200C9CF20;
			remoteInfo = MeetingSync;
		};
/* End PBXContainerItemProxy section */

/* Begin PBXFileReference section */
		A929ED0D2C9C333300B6D8FB /* ContactListView.swift */ = {isa = PBXFileReference; lastKnownFileType = sourcecode.swift; path = ContactListView.swift; sourceTree = "<group>"; };
		A9C43E992C9B1A1200C9CF20 /* MeetingSync.app */ = {isa = PBXFileReference; explicitFileType = wrapper.application; includeInIndex = 0; path = MeetingSync.app; sourceTree = BUILT_PRODUCTS_DIR; };
		A9C43E9C2C9B1A1200C9CF20 /* MeetingSyncApp.swift */ = {isa = PBXFileReference; lastKnownFileType = sourcecode.swift; path = MeetingSyncApp.swift; sourceTree = "<group>"; };
		A9C43E9E2C9B1A1300C9CF20 /* ContentView.swift */ = {isa = PBXFileReference; lastKnownFileType = sourcecode.swift; path = ContentView.swift; sourceTree = "<group>"; };
		A9C43EA02C9B1A1400C9CF20 /* Assets.xcassets */ = {isa = PBXFileReference; lastKnownFileType = folder.assetcatalog; path = Assets.xcassets; sourceTree = "<group>"; };
		A9C43EA22C9B1A1400C9CF20 /* MeetingSync.entitlements */ = {isa = PBXFileReference; lastKnownFileType = text.plist.entitlements; path = MeetingSync.entitlements; sourceTree = "<group>"; };
		A9C43EA42C9B1A1400C9CF20 /* Preview Assets.xcassets */ = {isa = PBXFileReference; lastKnownFileType = folder.assetcatalog; path = "Preview Assets.xcassets"; sourceTree = "<group>"; };
		A9C43EAA2C9B1A1400C9CF20 /* MeetingSyncTests.xctest */ = {isa = PBXFileReference; explicitFileType = wrapper.cfbundle; includeInIndex = 0; path = MeetingSyncTests.xctest; sourceTree = BUILT_PRODUCTS_DIR; };
		A9C43EAE2C9B1A1400C9CF20 /* MeetingSyncTests.swift */ = {isa = PBXFileReference; lastKnownFileType = sourcecode.swift; path = MeetingSyncTests.swift; sourceTree = "<group>"; };
		A9C43EB42C9B1A1400C9CF20 /* MeetingSyncUITests.xctest */ = {isa = PBXFileReference; explicitFileType = wrapper.cfbundle; includeInIndex = 0; path = MeetingSyncUITests.xctest; sourceTree = BUILT_PRODUCTS_DIR; };
		A9C43EB82C9B1A1400C9CF20 /* MeetingSyncUITests.swift */ = {isa = PBXFileReference; lastKnownFileType = sourcecode.swift; path = MeetingSyncUITests.swift; sourceTree = "<group>"; };
		A9C43EBA2C9B1A1400C9CF20 /* MeetingSyncUITestsLaunchTests.swift */ = {isa = PBXFileReference; lastKnownFileType = sourcecode.swift; path = MeetingSyncUITestsLaunchTests.swift; sourceTree = "<group>"; };
/* End PBXFileReference section */

/* Begin PBXFrameworksBuildPhase section */
		A9C43E962C9B1A1200C9CF20 /* Frameworks */ = {
			isa = PBXFrameworksBuildPhase;
			buildActionMask = 2147483647;
			files = (
			);
			runOnlyForDeploymentPostprocessing = 0;
		};
		A9C43EA72C9B1A1400C9CF20 /* Frameworks */ = {
			isa = PBXFrameworksBuildPhase;
			buildActionMask = 2147483647;
			files = (
			);
			runOnlyForDeploymentPostprocessing = 0;
		};
		A9C43EB12C9B1A1400C9CF20 /* Frameworks */ = {
			isa = PBXFrameworksBuildPhase;
			buildActionMask = 2147483647;
			files = (
			);
			runOnlyForDeploymentPostprocessing = 0;
		};
/* End PBXFrameworksBuildPhase section */

/* Begin PBXGroup section */
		A9C43E902C9B1A1200C9CF20 = {
			isa = PBXGroup;
			children = (
				A9C43E9B2C9B1A1200C9CF20 /* MeetingSync */,
				A9C43EAD2C9B1A1400C9CF20 /* MeetingSyncTests */,
				A9C43EB72C9B1A1400C9CF20 /* MeetingSyncUITests */,
				A9C43E9A2C9B1A1200C9CF20 /* Products */,
			);
			sourceTree = "<group>";
		};
		A9C43E9A2C9B1A1200C9CF20 /* Products */ = {
			isa = PBXGroup;
			children = (
				A9C43E992C9B1A1200C9CF20 /* MeetingSync.app */,
				A9C43EAA2C9B1A1400C9CF20 /* MeetingSyncTests.xctest */,
				A9C43EB42C9B1A1400C9CF20 /* MeetingSyncUITests.xctest */,
			);
			name = Products;
			sourceTree = "<group>";
		};
		A9C43E9B2C9B1A1200C9CF20 /* MeetingSync */ = {
			isa = PBXGroup;
			children = (
				A9C43E9C2C9B1A1200C9CF20 /* MeetingSyncApp.swift */,
				A9C43E9E2C9B1A1300C9CF20 /* ContentView.swift */,
				A929ED0D2C9C333300B6D8FB /* ContactListView.swift */,
				A9C43EA02C9B1A1400C9CF20 /* Assets.xcassets */,
				A9C43EA22C9B1A1400C9CF20 /* MeetingSync.entitlements */,
				A9C43EA32C9B1A1400C9CF20 /* Preview Content */,
			);
			path = MeetingSync;
			sourceTree = "<group>";
		};
		A9C43EA32C9B1A1400C9CF20 /* Preview Content */ = {
			isa = PBXGroup;
			children = (
				A9C43EA42C9B1A1400C9CF20 /* Preview Assets.xcassets */,
			);
			path = "Preview Content";
			sourceTree = "<group>";
		};
		A9C43EAD2C9B1A1400C9CF20 /* MeetingSyncTests */ = {
			isa = PBXGroup;
			children = (
				A9C43EAE2C9B1A1400C9CF20 /* MeetingSyncTests.swift */,
			);
			path = MeetingSyncTests;
			sourceTree = "<group>";
		};
		A9C43EB72C9B1A1400C9CF20 /* MeetingSyncUITests */ = {
			isa = PBXGroup;
			children = (
				A9C43EB82C9B1A1400C9CF20 /* MeetingSyncUITests.swift */,
				A9C43EBA2C9B1A1400C9CF20 /* MeetingSyncUITestsLaunchTests.swift */,
			);
			path = MeetingSyncUITests;
			sourceTree = "<group>";
		};
/* End PBXGroup section */

/* Begin PBXNativeTarget section */
		A9C43E982C9B1A1200C9CF20 /* MeetingSync */ = {
			isa = PBXNativeTarget;
			buildConfigurationList = A9C43EBE2C9B1A1400C9CF20 /* Build configuration list for PBXNativeTarget "MeetingSync" */;
			buildPhases = (
				A9C43E952C9B1A1200C9CF20 /* Sources */,
				A9C43E962C9B1A1200C9CF20 /* Frameworks */,
				A9C43E972C9B1A1200C9CF20 /* Resources */,
			);
			buildRules = (
			);
			dependencies = (
			);
			name = MeetingSync;
			productName = MeetingSync;
			productReference = A9C43E992C9B1A1200C9CF20 /* MeetingSync.app */;
			productType = "com.apple.product-type.application";
		};
		A9C43EA92C9B1A1400C9CF20 /* MeetingSyncTests */ = {
			isa = PBXNativeTarget;
			buildConfigurationList = A9C43EC12C9B1A1400C9CF20 /* Build configuration list for PBXNativeTarget "MeetingSyncTests" */;
			buildPhases = (
				A9C43EA62C9B1A1400C9CF20 /* Sources */,
				A9C43EA72C9B1A1400C9CF20 /* Frameworks */,
				A9C43EA82C9B1A1400C9CF20 /* Resources */,
			);
			buildRules = (
			);
			dependencies = (
				A9C43EAC2C9B1A1400C9CF20 /* PBXTargetDependency */,
			);
			name = MeetingSyncTests;
			productName = MeetingSyncTests;
			productReference = A9C43EAA2C9B1A1400C9CF20 /* MeetingSyncTests.xctest */;
			productType = "com.apple.product-type.bundle.unit-test";
		};
		A9C43EB32C9B1A1400C9CF20 /* MeetingSyncUITests */ = {
			isa = PBXNativeTarget;
			buildConfigurationList = A9C43EC42C9B1A1400C9CF20 /* Build configuration list for PBXNativeTarget "MeetingSyncUITests" */;
			buildPhases = (
				A9C43EB02C9B1A1400C9CF20 /* Sources */,
				A9C43EB12C9B1A1400C9CF20 /* Frameworks */,
				A9C43EB22C9B1A1400C9CF20 /* Resources */,
			);
			buildRules = (
			);
			dependencies = (
				A9C43EB62C9B1A1400C9CF20 /* PBXTargetDependency */,
			);
			name = MeetingSyncUITests;
			productName = MeetingSyncUITests;
			productReference = A9C43EB42C9B1A1400C9CF20 /* MeetingSyncUITests.xctest */;
			productType = "com.apple.product-type.bundle.ui-testing";
		};
/* End PBXNativeTarget section */

/* Begin PBXProject section */
		A9C43E912C9B1A1200C9CF20 /* Project object */ = {
			isa = PBXProject;
			attributes = {
				BuildIndependentTargetsInParallel = 1;
				LastSwiftUpdateCheck = 1540;
				LastUpgradeCheck = 1540;
				TargetAttributes = {
					A9C43E982C9B1A1200C9CF20 = {
						CreatedOnToolsVersion = 15.4;
					};
					A9C43EA92C9B1A1400C9CF20 = {
						CreatedOnToolsVersion = 15.4;
						TestTargetID = A9C43E982C9B1A1200C9CF20;
					};
					A9C43EB32C9B1A1400C9CF20 = {
						CreatedOnToolsVersion = 15.4;
						TestTargetID = A9C43E982C9B1A1200C9CF20;
					};
				};
			};
			buildConfigurationList = A9C43E942C9B1A1200C9CF20 /* Build configuration list for PBXProject "MeetingSync" */;
			compatibilityVersion = "Xcode 14.0";
			developmentRegion = en;
			hasScannedForEncodings = 0;
			knownRegions = (
				en,
				Base,
			);
			mainGroup = A9C43E902C9B1A1200C9CF20;
			productRefGroup = A9C43E9A2C9B1A1200C9CF20 /* Products */;
			projectDirPath = "";
			projectRoot = "";
			targets = (
				A9C43E982C9B1A1200C9CF20 /* MeetingSync */,
				A9C43EA92C9B1A1400C9CF20 /* MeetingSyncTests */,
				A9C43EB32C9B1A1400C9CF20 /* MeetingSyncUITests */,
			);
		};
/* End PBXProject section */

/* Begin PBXResourcesBuildPhase section */
		A9C43E972C9B1A1200C9CF20 /* Resources */ = {
			isa = PBXResourcesBuildPhase;
			buildActionMask = 2147483647;
			files = (
				A9C43EA52C9B1A1400C9CF20 /* Preview Assets.xcassets in Resources */,
				A9C43EA12C9B1A1400C9CF20 /* Assets.xcassets in Resources */,
			);
			runOnlyForDeploymentPostprocessing = 0;
		};
		A9C43EA82C9B1A1400C9CF20 /* Resources */ = {
			isa = PBXResourcesBuildPhase;
			buildActionMask = 2147483647;
			files = (
			);
			runOnlyForDeploymentPostprocessing = 0;
		};
		A9C43EB22C9B1A1400C9CF20 /* Resources */ = {
			isa = PBXResourcesBuildPhase;
			buildActionMask = 2147483647;
			files = (
			);
			runOnlyForDeploymentPostprocessing = 0;
		};
/* End PBXResourcesBuildPhase section */

/* Begin PBXSourcesBuildPhase section */
		A9C43E952C9B1A1200C9CF20 /* Sources */ = {
			isa = PBXSourcesBuildPhase;
			buildActionMask = 2147483647;
			files = (
				A929ED0E2C9C333300B6D8FB /* ContactListView.swift in Sources */,
				A9C43E9F2C9B1A1300C9CF20 /* ContentView.swift in Sources */,
				A9C43E9D2C9B1A1300C9CF20 /* MeetingSyncApp.swift in Sources */,
			);
			runOnlyForDeploymentPostprocessing = 0;
		};
		A9C43EA62C9B1A1400C9CF20 /* Sources */ = {
			isa = PBXSourcesBuildPhase;
			buildActionMask = 2147483647;
			files = (
				A9C43EAF2C9B1A1400C9CF20 /* MeetingSyncTests.swift in Sources */,
			);
			runOnlyForDeploymentPostprocessing = 0;
		};
		A9C43EB02C9B1A1400C9CF20 /* Sources */ = {
			isa = PBXSourcesBuildPhase;
			buildActionMask = 2147483647;
			files = (
				A9C43EB92C9B1A1400C9CF20 /* MeetingSyncUITests.swift in Sources */,
				A9C43EBB2C9B1A1400C9CF20 /* MeetingSyncUITestsLaunchTests.swift in Sources */,
			);
			runOnlyForDeploymentPostprocessing = 0;
		};
/* End PBXSourcesBuildPhase section */

/* Begin PBXTargetDependency section */
		A9C43EAC2C9B1A1400C9CF20 /* PBXTargetDependency */ = {
			isa = PBXTargetDependency;
			target = A9C43E982C9B1A1200C9CF20 /* MeetingSync */;
			targetProxy = A9C43EAB2C9B1A1400C9CF20 /* PBXContainerItemProxy */;
		};
		A9C43EB62C9B1A1400C9CF20 /* PBXTargetDependency */ = {
			isa = PBXTargetDependency;
			target = A9C43E982C9B1A1200C9CF20 /* MeetingSync */;
			targetProxy = A9C43EB52C9B1A1400C9CF20 /* PBXContainerItemProxy */;
		};
/* End PBXTargetDependency section */

/* Begin XCBuildConfiguration section */
		A9C43EBC2C9B1A1400C9CF20 /* Debug */ = {
			isa = XCBuildConfiguration;
			buildSettings = {
				ALWAYS_SEARCH_USER_PATHS = NO;
				ASSETCATALOG_COMPILER_GENERATE_SWIFT_ASSET_SYMBOL_EXTENSIONS = YES;
				CLANG_ANALYZER_NONNULL = YES;
				CLANG_ANALYZER_NUMBER_OBJECT_CONVERSION = YES_AGGRESSIVE;
				CLANG_CXX_LANGUAGE_STANDARD = "gnu++20";
				CLANG_ENABLE_MODULES = YES;
				CLANG_ENABLE_OBJC_ARC = YES;
				CLANG_ENABLE_OBJC_WEAK = YES;
				CLANG_WARN_BLOCK_CAPTURE_AUTORELEASING = YES;
				CLANG_WARN_BOOL_CONVERSION = YES;
				CLANG_WARN_COMMA = YES;
				CLANG_WARN_CONSTANT_CONVERSION = YES;
				CLANG_WARN_DEPRECATED_OBJC_IMPLEMENTATIONS = YES;
				CLANG_WARN_DIRECT_OBJC_ISA_USAGE = YES_ERROR;
				CLANG_WARN_DOCUMENTATION_COMMENTS = YES;
				CLANG_WARN_EMPTY_BODY = YES;
				CLANG_WARN_ENUM_CONVERSION = YES;
				CLANG_WARN_INFINITE_RECURSION = YES;
				CLANG_WARN_INT_CONVERSION = YES;
				CLANG_WARN_NON_LITERAL_NULL_CONVERSION = YES;
				CLANG_WARN_OBJC_IMPLICIT_RETAIN_SELF = YES;
				CLANG_WARN_OBJC_LITERAL_CONVERSION = YES;
				CLANG_WARN_OBJC_ROOT_CLASS = YES_ERROR;
				CLANG_WARN_QUOTED_INCLUDE_IN_FRAMEWORK_HEADER = YES;
				CLANG_WARN_RANGE_LOOP_ANALYSIS = YES;
				CLANG_WARN_STRICT_PROTOTYPES = YES;
				CLANG_WARN_SUSPICIOUS_MOVE = YES;
				CLANG_WARN_UNGUARDED_AVAILABILITY = YES_AGGRESSIVE;
				CLANG_WARN_UNREACHABLE_CODE = YES;
				CLANG_WARN__DUPLICATE_METHOD_MATCH = YES;
				COPY_PHASE_STRIP = NO;
				DEBUG_INFORMATION_FORMAT = dwarf;
				ENABLE_STRICT_OBJC_MSGSEND = YES;
				ENABLE_TESTABILITY = YES;
				ENABLE_USER_SCRIPT_SANDBOXING = YES;
				GCC_C_LANGUAGE_STANDARD = gnu17;
				GCC_DYNAMIC_NO_PIC = NO;
				GCC_NO_COMMON_BLOCKS = YES;
				GCC_OPTIMIZATION_LEVEL = 0;
				GCC_PREPROCESSOR_DEFINITIONS = (
					"DEBUG=1",
					"$(inherited)",
				);
				GCC_WARN_64_TO_32_BIT_CONVERSION = YES;
				GCC_WARN_ABOUT_RETURN_TYPE = YES_ERROR;
				GCC_WARN_UNDECLARED_SELECTOR = YES;
				GCC_WARN_UNINITIALIZED_AUTOS = YES_AGGRESSIVE;
				GCC_WARN_UNUSED_FUNCTION = YES;
				GCC_WARN_UNUSED_VARIABLE = YES;
				LOCALIZATION_PREFERS_STRING_CATALOGS = YES;
				MTL_ENABLE_DEBUG_INFO = INCLUDE_SOURCE;
				MTL_FAST_MATH = YES;
				ONLY_ACTIVE_ARCH = YES;
				SWIFT_ACTIVE_COMPILATION_CONDITIONS = "DEBUG $(inherited)";
				SWIFT_OPTIMIZATION_LEVEL = "-Onone";
			};
			name = Debug;
		};
		A9C43EBD2C9B1A1400C9CF20 /* Release */ = {
			isa = XCBuildConfiguration;
			buildSettings = {
				ALWAYS_SEARCH_USER_PATHS = NO;
				ASSETCATALOG_COMPILER_GENERATE_SWIFT_ASSET_SYMBOL_EXTENSIONS = YES;
				CLANG_ANALYZER_NONNULL = YES;
				CLANG_ANALYZER_NUMBER_OBJECT_CONVERSION = YES_AGGRESSIVE;
				CLANG_CXX_LANGUAGE_STANDARD = "gnu++20";
				CLANG_ENABLE_MODULES = YES;
				CLANG_ENABLE_OBJC_ARC = YES;
				CLANG_ENABLE_OBJC_WEAK = YES;
				CLANG_WARN_BLOCK_CAPTURE_AUTORELEASING = YES;
				CLANG_WARN_BOOL_CONVERSION = YES;
				CLANG_WARN_COMMA = YES;
				CLANG_WARN_CONSTANT_CONVERSION = YES;
				CLANG_WARN_DEPRECATED_OBJC_IMPLEMENTATIONS = YES;
				CLANG_WARN_DIRECT_OBJC_ISA_USAGE = YES_ERROR;
				CLANG_WARN_DOCUMENTATION_COMMENTS = YES;
				CLANG_WARN_EMPTY_BODY = YES;
				CLANG_WARN_ENUM_CONVERSION = YES;
				CLANG_WARN_INFINITE_RECURSION = YES;
				CLANG_WARN_INT_CONVERSION = YES;
				CLANG_WARN_NON_LITERAL_NULL_CONVERSION = YES;
				CLANG_WARN_OBJC_IMPLICIT_RETAIN_SELF = YES;
				CLANG_WARN_OBJC_LITERAL_CONVERSION = YES;
				CLANG_WARN_OBJC_ROOT_CLASS = YES_ERROR;
				CLANG_WARN_QUOTED_INCLUDE_IN_FRAMEWORK_HEADER = YES;
				CLANG_WARN_RANGE_LOOP_ANALYSIS = YES;
				CLANG_WARN_STRICT_PROTOTYPES = YES;
				CLANG_WARN_SUSPICIOUS_MOVE = YES;
				CLANG_WARN_UNGUARDED_AVAILABILITY = YES_AGGRESSIVE;
				CLANG_WARN_UNREACHABLE_CODE = YES;
				CLANG_WARN__DUPLICATE_METHOD_MATCH = YES;
				COPY_PHASE_STRIP = NO;
				DEBUG_INFORMATION_FORMAT = "dwarf-with-dsym";
				ENABLE_NS_ASSERTIONS = NO;
				ENABLE_STRICT_OBJC_MSGSEND = YES;
				ENABLE_USER_SCRIPT_SANDBOXING = YES;
				GCC_C_LANGUAGE_STANDARD = gnu17;
				GCC_NO_COMMON_BLOCKS = YES;
				GCC_WARN_64_TO_32_BIT_CONVERSION = YES;
				GCC_WARN_ABOUT_RETURN_TYPE = YES_ERROR;
				GCC_WARN_UNDECLARED_SELECTOR = YES;
				GCC_WARN_UNINITIALIZED_AUTOS = YES_AGGRESSIVE;
				GCC_WARN_UNUSED_FUNCTION = YES;
				GCC_WARN_UNUSED_VARIABLE = YES;
				LOCALIZATION_PREFERS_STRING_CATALOGS = YES;
				MTL_ENABLE_DEBUG_INFO = NO;
				MTL_FAST_MATH = YES;
				SWIFT_COMPILATION_MODE = wholemodule;
			};
			name = Release;
		};
		A9C43EBF2C9B1A1400C9CF20 /* Debug */ = {
			isa = XCBuildConfiguration;
			buildSettings = {
				ASSETCATALOG_COMPILER_APPICON_NAME = AppIcon;
				ASSETCATALOG_COMPILER_GLOBAL_ACCENT_COLOR_NAME = AccentColor;
				CODE_SIGN_ENTITLEMENTS = MeetingSync/MeetingSync.entitlements;
				CODE_SIGN_STYLE = Automatic;
				CURRENT_PROJECT_VERSION = 1;
				DEVELOPMENT_ASSET_PATHS = "\"MeetingSync/Preview Content\"";
				ENABLE_PREVIEWS = YES;
				GENERATE_INFOPLIST_FILE = YES;
				"INFOPLIST_KEY_UIApplicationSceneManifest_Generation[sdk=iphoneos*]" = YES;
				"INFOPLIST_KEY_UIApplicationSceneManifest_Generation[sdk=iphonesimulator*]" = YES;
				"INFOPLIST_KEY_UIApplicationSupportsIndirectInputEvents[sdk=iphoneos*]" = YES;
				"INFOPLIST_KEY_UIApplicationSupportsIndirectInputEvents[sdk=iphonesimulator*]" = YES;
				"INFOPLIST_KEY_UILaunchScreen_Generation[sdk=iphoneos*]" = YES;
				"INFOPLIST_KEY_UILaunchScreen_Generation[sdk=iphonesimulator*]" = YES;
				"INFOPLIST_KEY_UIStatusBarStyle[sdk=iphoneos*]" = UIStatusBarStyleDefault;
				"INFOPLIST_KEY_UIStatusBarStyle[sdk=iphonesimulator*]" = UIStatusBarStyleDefault;
				INFOPLIST_KEY_UISupportedInterfaceOrientations_iPad = "UIInterfaceOrientationPortrait UIInterfaceOrientationPortraitUpsideDown UIInterfaceOrientationLandscapeLeft UIInterfaceOrientationLandscapeRight";
				INFOPLIST_KEY_UISupportedInterfaceOrientations_iPhone = "UIInterfaceOrientationPortrait UIInterfaceOrientationLandscapeLeft UIInterfaceOrientationLandscapeRight";
				IPHONEOS_DEPLOYMENT_TARGET = 17.5;
				LD_RUNPATH_SEARCH_PATHS = "@executable_path/Frameworks";
				"LD_RUNPATH_SEARCH_PATHS[sdk=macosx*]" = "@executable_path/../Frameworks";
				MACOSX_DEPLOYMENT_TARGET = 14.5;
				MARKETING_VERSION = 1.0;
				PRODUCT_BUNDLE_IDENTIFIER = FernandaNascimento.MeetingSync;
				PRODUCT_NAME = "$(TARGET_NAME)";
				SDKROOT = auto;
				SUPPORTED_PLATFORMS = "iphoneos iphonesimulator macosx";
				SWIFT_EMIT_LOC_STRINGS = YES;
				SWIFT_VERSION = 5.0;
				TARGETED_DEVICE_FAMILY = "1,2";
			};
			name = Debug;
		};
		A9C43EC02C9B1A1400C9CF20 /* Release */ = {
			isa = XCBuildConfiguration;
			buildSettings = {
				ASSETCATALOG_COMPILER_APPICON_NAME = AppIcon;
				ASSETCATALOG_COMPILER_GLOBAL_ACCENT_COLOR_NAME = AccentColor;
				CODE_SIGN_ENTITLEMENTS = MeetingSync/MeetingSync.entitlements;
				CODE_SIGN_STYLE = Automatic;
				CURRENT_PROJECT_VERSION = 1;
				DEVELOPMENT_ASSET_PATHS = "\"MeetingSync/Preview Content\"";
				ENABLE_PREVIEWS = YES;
				GENERATE_INFOPLIST_FILE = YES;
				"INFOPLIST_KEY_UIApplicationSceneManifest_Generation[sdk=iphoneos*]" = YES;
				"INFOPLIST_KEY_UIApplicationSceneManifest_Generation[sdk=iphonesimulator*]" = YES;
				"INFOPLIST_KEY_UIApplicationSupportsIndirectInputEvents[sdk=iphoneos*]" = YES;
				"INFOPLIST_KEY_UIApplicationSupportsIndirectInputEvents[sdk=iphonesimulator*]" = YES;
				"INFOPLIST_KEY_UILaunchScreen_Generation[sdk=iphoneos*]" = YES;
				"INFOPLIST_KEY_UILaunchScreen_Generation[sdk=iphonesimulator*]" = YES;
				"INFOPLIST_KEY_UIStatusBarStyle[sdk=iphoneos*]" = UIStatusBarStyleDefault;
				"INFOPLIST_KEY_UIStatusBarStyle[sdk=iphonesimulator*]" = UIStatusBarStyleDefault;
				INFOPLIST_KEY_UISupportedInterfaceOrientations_iPad = "UIInterfaceOrientationPortrait UIInterfaceOrientationPortraitUpsideDown UIInterfaceOrientationLandscapeLeft UIInterfaceOrientationLandscapeRight";
				INFOPLIST_KEY_UISupportedInterfaceOrientations_iPhone = "UIInterfaceOrientationPortrait UIInterfaceOrientationLandscapeLeft UIInterfaceOrientationLandscapeRight";
				IPHONEOS_DEPLOYMENT_TARGET = 17.5;
				LD_RUNPATH_SEARCH_PATHS = "@executable_path/Frameworks";
				"LD_RUNPATH_SEARCH_PATHS[sdk=macosx*]" = "@executable_path/../Frameworks";
				MACOSX_DEPLOYMENT_TARGET = 14.5;
				MARKETING_VERSION = 1.0;
				PRODUCT_BUNDLE_IDENTIFIER = FernandaNascimento.MeetingSync;
				PRODUCT_NAME = "$(TARGET_NAME)";
				SDKROOT = auto;
				SUPPORTED_PLATFORMS = "iphoneos iphonesimulator macosx";
				SWIFT_EMIT_LOC_STRINGS = YES;
				SWIFT_VERSION = 5.0;
				TARGETED_DEVICE_FAMILY = "1,2";
			};
			name = Release;
		};
		A9C43EC22C9B1A1400C9CF20 /* Debug */ = {
			isa = XCBuildConfiguration;
			buildSettings = {
				ALWAYS_EMBED_SWIFT_STANDARD_LIBRARIES = YES;
				BUNDLE_LOADER = "$(TEST_HOST)";
				CODE_SIGN_STYLE = Automatic;
				CURRENT_PROJECT_VERSION = 1;
				GENERATE_INFOPLIST_FILE = YES;
				IPHONEOS_DEPLOYMENT_TARGET = 17.5;
				MACOSX_DEPLOYMENT_TARGET = 14.5;
				MARKETING_VERSION = 1.0;
				PRODUCT_BUNDLE_IDENTIFIER = FernandaNascimento.MeetingSyncTests;
				PRODUCT_NAME = "$(TARGET_NAME)";
				SDKROOT = auto;
				SUPPORTED_PLATFORMS = "iphoneos iphonesimulator macosx";
				SWIFT_EMIT_LOC_STRINGS = NO;
				SWIFT_VERSION = 5.0;
				TARGETED_DEVICE_FAMILY = "1,2";
				TEST_HOST = "$(BUILT_PRODUCTS_DIR)/MeetingSync.app/$(BUNDLE_EXECUTABLE_FOLDER_PATH)/MeetingSync";
			};
			name = Debug;
		};
		A9C43EC32C9B1A1400C9CF20 /* Release */ = {
			isa = XCBuildConfiguration;
			buildSettings = {
				ALWAYS_EMBED_SWIFT_STANDARD_LIBRARIES = YES;
				BUNDLE_LOADER = "$(TEST_HOST)";
				CODE_SIGN_STYLE = Automatic;
				CURRENT_PROJECT_VERSION = 1;
				GENERATE_INFOPLIST_FILE = YES;
				IPHONEOS_DEPLOYMENT_TARGET = 17.5;
				MACOSX_DEPLOYMENT_TARGET = 14.5;
				MARKETING_VERSION = 1.0;
				PRODUCT_BUNDLE_IDENTIFIER = FernandaNascimento.MeetingSyncTests;
				PRODUCT_NAME = "$(TARGET_NAME)";
				SDKROOT = auto;
				SUPPORTED_PLATFORMS = "iphoneos iphonesimulator macosx";
				SWIFT_EMIT_LOC_STRINGS = NO;
				SWIFT_VERSION = 5.0;
				TARGETED_DEVICE_FAMILY = "1,2";
				TEST_HOST = "$(BUILT_PRODUCTS_DIR)/MeetingSync.app/$(BUNDLE_EXECUTABLE_FOLDER_PATH)/MeetingSync";
			};
			name = Release;
		};
		A9C43EC52C9B1A1400C9CF20 /* Debug */ = {
			isa = XCBuildConfiguration;
			buildSettings = {
				ALWAYS_EMBED_SWIFT_STANDARD_LIBRARIES = YES;
				CODE_SIGN_STYLE = Automatic;
				CURRENT_PROJECT_VERSION = 1;
				GENERATE_INFOPLIST_FILE = YES;
				IPHONEOS_DEPLOYMENT_TARGET = 17.5;
				MACOSX_DEPLOYMENT_TARGET = 14.5;
				MARKETING_VERSION = 1.0;
				PRODUCT_BUNDLE_IDENTIFIER = FernandaNascimento.MeetingSyncUITests;
				PRODUCT_NAME = "$(TARGET_NAME)";
				SDKROOT = auto;
				SUPPORTED_PLATFORMS = "iphoneos iphonesimulator macosx";
				SWIFT_EMIT_LOC_STRINGS = NO;
				SWIFT_VERSION = 5.0;
				TARGETED_DEVICE_FAMILY = "1,2";
				TEST_TARGET_NAME = MeetingSync;
			};
			name = Debug;
		};
		A9C43EC62C9B1A1400C9CF20 /* Release */ = {
			isa = XCBuildConfiguration;
			buildSettings = {
				ALWAYS_EMBED_SWIFT_STANDARD_LIBRARIES = YES;
				CODE_SIGN_STYLE = Automatic;
				CURRENT_PROJECT_VERSION = 1;
				GENERATE_INFOPLIST_FILE = YES;
				IPHONEOS_DEPLOYMENT_TARGET = 17.5;
				MACOSX_DEPLOYMENT_TARGET = 14.5;
				MARKETING_VERSION = 1.0;
				PRODUCT_BUNDLE_IDENTIFIER = FernandaNascimento.MeetingSyncUITests;
				PRODUCT_NAME = "$(TARGET_NAME)";
				SDKROOT = auto;
				SUPPORTED_PLATFORMS = "iphoneos iphonesimulator macosx";
				SWIFT_EMIT_LOC_STRINGS = NO;
				SWIFT_VERSION = 5.0;
				TARGETED_DEVICE_FAMILY = "1,2";
				TEST_TARGET_NAME = MeetingSync;
			};
			name = Release;
		};
/* End XCBuildConfiguration section */

/* Begin XCConfigurationList section */
		A9C43E942C9B1A1200C9CF20 /* Build configuration list for PBXProject "MeetingSync" */ = {
			isa = XCConfigurationList;
			buildConfigurations = (
				A9C43EBC2C9B1A1400C9CF20 /* Debug */,
				A9C43EBD2C9B1A1400C9CF20 /* Release */,
			);
			defaultConfigurationIsVisible = 0;
			defaultConfigurationName = Release;
		};
		A9C43EBE2C9B1A1400C9CF20 /* Build configuration list for PBXNativeTarget "MeetingSync" */ = {
			isa = XCConfigurationList;
			buildConfigurations = (
				A9C43EBF2C9B1A1400C9CF20 /* Debug */,
				A9C43EC02C9B1A1400C9CF20 /* Release */,
			);
			defaultConfigurationIsVisible = 0;
			defaultConfigurationName = Release;
		};
		A9C43EC12C9B1A1400C9CF20 /* Build configuration list for PBXNativeTarget "MeetingSyncTests" */ = {
			isa = XCConfigurationList;
			buildConfigurations = (
				A9C43EC22C9B1A1400C9CF20 /* Debug */,
				A9C43EC32C9B1A1400C9CF20 /* Release */,
			);
			defaultConfigurationIsVisible = 0;
			defaultConfigurationName = Release;
		};
		A9C43EC42C9B1A1400C9CF20 /* Build configuration list for PBXNativeTarget "MeetingSyncUITests" */ = {
			isa = XCConfigurationList;
			buildConfigurations = (
				A9C43EC52C9B1A1400C9CF20 /* Debug */,
				A9C43EC62C9B1A1400C9CF20 /* Release */,
			);
			defaultConfigurationIsVisible = 0;
			defaultConfigurationName = Release;
		};
/* End XCConfigurationList section */
	};
	rootObject = A9C43E912C9B1A1200C9CF20 /* Project object */;
}
